
Microsoft Visual Studio Solution File, Format Version 12.00
# Visual Studio Version 16
VisualStudioVersion = 16.0.29306.81
MinimumVisualStudioVersion = 10.0.40219.1
Project("{FAE04EC0-301F-11D3-BF4B-00C04F79EFBC}") = "Presentacion", "Presentacion\Presentacion.csproj", "{31E3185D-AD13-408A-845A-59DAEEE1DA74}"
EndProject
Project("{FAE04EC0-301F-11D3-BF4B-00C04F79EFBC}") = "GestionEntidades", "GestionEntidades\GestionEntidades.csproj", "{650F33BE-4786-4ECF-83D8-353A39B775E1}"
EndProject
Project("{FAE04EC0-301F-11D3-BF4B-00C04F79EFBC}") = "GestionDatos", "GestionDatos\GestionDatos.csproj", "{20F1C243-20F9-40EE-A8D2-DF9D14D4B069}"
EndProject
Project("{FAE04EC0-301F-11D3-BF4B-00C04F79EFBC}") = "GestionNegocio", "GestionNegocio\GestionNegocio.csproj", "{A9B8F91A-EBF0-4EBD-95DD-6F9FD4876CBC}"
EndProject
Global
	GlobalSection(SolutionConfigurationPlatforms) = preSolution
		Debug|Any CPU = Debug|Any CPU
		Release|Any CPU = Release|Any CPU
	EndGlobalSection
	GlobalSection(ProjectConfigurationPlatforms) = postSolution
		{31E3185D-AD13-408A-845A-59DAEEE1DA74}.Debug|Any CPU.ActiveCfg = Debug|Any CPU
		{31E3185D-AD13-408A-845A-59DAEEE1DA74}.Debug|Any CPU.Build.0 = Debug|Any CPU
		{31E3185D-AD13-408A-845A-59DAEEE1DA74}.Release|Any CPU.ActiveCfg = Release|Any CPU
		{31E3185D-AD13-408A-845A-59DAEEE1DA74}.Release|Any CPU.Build.0 = Release|Any CPU
		{650F33BE-4786-4ECF-83D8-353A39B775E1}.Debug|Any CPU.ActiveCfg = Debug|Any CPU
		{650F33BE-4786-4ECF-83D8-353A39B775E1}.Debug|Any CPU.Build.0 = Debug|Any CPU
		{650F33BE-4786-4ECF-83D8-353A39B775E1}.Release|Any CPU.ActiveCfg = Release|Any CPU
		{650F33BE-4786-4ECF-83D8-353A39B775E1}.Release|Any CPU.Build.0 = Release|Any CPU
		{20F1C243-20F9-40EE-A8D2-DF9D14D4B069}.Debug|Any CPU.ActiveCfg = Debug|Any CPU
		{20F1C243-20F9-40EE-A8D2-DF9D14D4B069}.Debug|Any CPU.Build.0 = Debug|Any CPU
		{20F1C243-20F9-40EE-A8D2-DF9D14D4B069}.Release|Any CPU.ActiveCfg = Release|Any CPU
		{20F1C243-20F9-40EE-A8D2-DF9D14D4B069}.Release|Any CPU.Build.0 = Release|Any CPU
		{A9B8F91A-EBF0-4EBD-95DD-6F9FD4876CBC}.Debug|Any CPU.ActiveCfg = Debug|Any CPU
		{A9B8F91A-EBF0-4EBD-95DD-6F9FD4876CBC}.Debug|Any CPU.Build.0 = Debug|Any CPU
		{A9B8F91A-EBF0-4EBD-95DD-6F9FD4876CBC}.Release|Any CPU.ActiveCfg = Release|Any CPU
		{A9B8F91A-EBF0-4EBD-95DD-6F9FD4876CBC}.Release|Any CPU.Build.0 = Release|Any CPU
	EndGlobalSection
	GlobalSection(SolutionProperties) = preSolution
		HideSolutionNode = FALSE
	EndGlobalSection
	GlobalSection(ExtensibilityGlobals) = postSolution
		SolutionGuid = {8E17ED16-1E8D-4EBA-9DF1-899990F9A19F}
	EndGlobalSection
EndGlobal
